
Microsoft Visual Studio Solution File, Format Version 12.00
# Visual Studio 15
VisualStudioVersion = 15.0.28307.168
MinimumVisualStudioVersion = 10.0.40219.1
Project("{FAE04EC0-301F-11D3-BF4B-00C04F79EFBC}") = "SmartyStickers", "SmartyStickers\SmartyStickers.csproj", "{FC3A0F5A-B3C6-47B3-B48B-22ADE6B74B51}"
EndProject
Global
	GlobalSection(SolutionConfigurationPlatforms) = preSolution
		Debug|Any CPU = Debug|Any CPU
		Release|Any CPU = Release|Any CPU
	EndGlobalSection
	GlobalSection(ProjectConfigurationPlatforms) = postSolution
		{FC3A0F5A-B3C6-47B3-B48B-22ADE6B74B51}.Debug|Any CPU.ActiveCfg = Debug|Any CPU
		{FC3A0F5A-B3C6-47B3-B48B-22ADE6B74B51}.Debug|Any CPU.Build.0 = Debug|Any CPU
		{FC3A0F5A-B3C6-47B3-B48B-22ADE6B74B51}.Release|Any CPU.ActiveCfg = Release|Any CPU
		{FC3A0F5A-B3C6-47B3-B48B-22ADE6B74B51}.Release|Any CPU.Build.0 = Release|Any CPU
	EndGlobalSection
	GlobalSection(SolutionProperties) = preSolution
		HideSolutionNode = FALSE
	EndGlobalSection
	GlobalSection(ExtensibilityGlobals) = postSolution
		SolutionGuid = {070FF1A1-1027-48B0-B996-043952C17F54}
	EndGlobalSection
EndGlobal
